// !$*UTF8*$!
{
	archiveVersion = 1;
	classes = {
	};
	objectVersion = 46;
	objects = {

/* Begin PBXBuildFile section */
		8ADC1FA219ED5EBB00AC2D81 /* StaticLog.h in CopyFiles */ = {isa = PBXBuildFile; fileRef = 8ADC1FA119ED5EBB00AC2D81 /* StaticLog.h */; };
		8ADC1FA419ED5EBB00AC2D81 /* StaticLog.m in Sources */ = {isa = PBXBuildFile; fileRef = 8ADC1FA319ED5EBB00AC2D81 /* StaticLog.m */; };
/* End PBXBuildFile section */

/* Begin PBXCopyFilesBuildPhase section */
		8ADC1F9C19ED5EBB00AC2D81 /* CopyFiles */ = {
			isa = PBXCopyFilesBuildPhase;
			buildActionMask = 2147483647;
			dstPath = "include/$(PRODUCT_NAME)";
			dstSubfolderSpec = 16;
			files = (
				8ADC1FA219ED5EBB00AC2D81 /* StaticLog.h in CopyFiles */,
			);
			runOnlyForDeploymentPostprocessing = 0;
		};
/* End PBXCopyFilesBuildPhase section */

/* Begin PBXFileReference section */
		8ADC1F9E19ED5EBB00AC2D81 /* libStaticLog.a */ = {isa = PBXFileReference; explicitFileType = archive.ar; includeInIndex = 0; path = libStaticLog.a; sourceTree = BUILT_PRODUCTS_DIR; };
		8ADC1FA119ED5EBB00AC2D81 /* StaticLog.h */ = {isa = PBXFileReference; lastKnownFileType = sourcecode.c.h; path = StaticLog.h; sourceTree = "<group>"; };
		8ADC1FA319ED5EBB00AC2D81 /* StaticLog.m */ = {isa = PBXFileReference; lastKnownFileType = sourcecode.c.objc; path = StaticLog.m; sourceTree = "<group>"; };
		8ADC1FA919ED5EBB00AC2D81 /* StaticLogTests.xctest */ = {isa = PBXFileReference; explicitFileType = wrapper.cfbundle; includeInIndex = 0; path = StaticLogTests.xctest; sourceTree = BUILT_PRODUCTS_DIR; };
		8ADC1FAC19ED5EBB00AC2D81 /* Info.plist */ = {isa = PBXFileReference; lastKnownFileType = text.plist.xml; path = Info.plist; sourceTree = "<group>"; };
/* End PBXFileReference section */

/* Begin PBXFrameworksBuildPhase section */
		8ADC1F9B19ED5EBB00AC2D81 /* Frameworks */ = {
			isa = PBXFrameworksBuildPhase;
			buildActionMask = 2147483647;
			files = (
			);
			runOnlyForDeploymentPostprocessing = 0;
		};
		8ADC1FA619ED5EBB00AC2D81 /* Frameworks */ = {
			isa = PBXFrameworksBuildPhase;
			buildActionMask = 2147483647;
			files = (
			);
			runOnlyForDeploymentPostprocessing = 0;
		};
/* End PBXFrameworksBuildPhase section */

/* Begin PBXGroup section */
		8ADC1F9519ED5EBB00AC2D81 = {
			isa = PBXGroup;
			children = (
				8ADC1FA019ED5EBB00AC2D81 /* StaticLog */,
				8ADC1FAA19ED5EBB00AC2D81 /* StaticLogTests */,
				8ADC1F9F19ED5EBB00AC2D81 /* Products */,
			);
			sourceTree = "<group>";
		};
		8ADC1F9F19ED5EBB00AC2D81 /* Products */ = {
			isa = PBXGroup;
			children = (
				8ADC1F9E19ED5EBB00AC2D81 /* libStaticLog.a */,
				8ADC1FA919ED5EBB00AC2D81 /* StaticLogTests.xctest */,
			);
			name = Products;
			sourceTree = "<group>";
		};
		8ADC1FA019ED5EBB00AC2D81 /* StaticLog */ = {
			isa = PBXGroup;
			children = (
				8ADC1FA119ED5EBB00AC2D81 /* StaticLog.h */,
				8ADC1FA319ED5EBB00AC2D81 /* StaticLog.m */,
			);
			path = StaticLog;
			sourceTree = "<group>";
		};
		8ADC1FAA19ED5EBB00AC2D81 /* StaticLogTests */ = {
			isa = PBXGroup;
			children = (
				8ADC1FAB19ED5EBB00AC2D81 /* Supporting Files */,
			);
			path = StaticLogTests;
			sourceTree = "<group>";
		};
		8ADC1FAB19ED5EBB00AC2D81 /* Supporting Files */ = {
			isa = PBXGroup;
			children = (
				8ADC1FAC19ED5EBB00AC2D81 /* Info.plist */,
			);
			name = "Supporting Files";
			sourceTree = "<group>";
		};
/* End PBXGroup section */

/* Begin PBXNativeTarget section */
		8ADC1F9D19ED5EBB00AC2D81 /* StaticLog */ = {
			isa = PBXNativeTarget;
			buildConfigurationList = 8ADC1FAF19ED5EBB00AC2D81 /* Build configuration list for PBXNativeTarget "StaticLog" */;
			buildPhases = (
				8ADC1F9A19ED5EBB00AC2D81 /* Sources */,
				8ADC1F9B19ED5EBB00AC2D81 /* Frameworks */,
				8ADC1F9C19ED5EBB00AC2D81 /* CopyFiles */,
			);
			buildRules = (
			);
			dependencies = (
			);
			name = StaticLog;
			productName = StaticLog;
			productReference = 8ADC1F9E19ED5EBB00AC2D81 /* libStaticLog.a */;
			productType = "com.apple.product-type.library.static";
		};
		8ADC1FA819ED5EBB00AC2D81 /* StaticLogTests */ = {
			isa = PBXNativeTarget;
			buildConfigurationList = 8ADC1FB219ED5EBB00AC2D81 /* Build configuration list for PBXNativeTarget "StaticLogTests" */;
			buildPhases = (
				8ADC1FA519ED5EBB00AC2D81 /* Sources */,
				8ADC1FA619ED5EBB00AC2D81 /* Frameworks */,
				8ADC1FA719ED5EBB00AC2D81 /* Resources */,
			);
			buildRules = (
			);
			dependencies = (
			);
			name = StaticLogTests;
			productName = StaticLogTests;
			productReference = 8ADC1FA919ED5EBB00AC2D81 /* StaticLogTests.xctest */;
			productType = "com.apple.product-type.bundle.unit-test";
		};
/* End PBXNativeTarget section */

/* Begin PBXProject section */
		8ADC1F9619ED5EBB00AC2D81 /* Project object */ = {
			isa = PBXProject;
			attributes = {
				LastUpgradeCheck = 0600;
				ORGANIZATIONNAME = jssfy;
				TargetAttributes = {
					8ADC1F9D19ED5EBB00AC2D81 = {
						CreatedOnToolsVersion = 6.0.1;
					};
					8ADC1FA819ED5EBB00AC2D81 = {
						CreatedOnToolsVersion = 6.0.1;
					};
				};
			};
			buildConfigurationList = 8ADC1F9919ED5EBB00AC2D81 /* Build configuration list for PBXProject "StaticLog" */;
			compatibilityVersion = "Xcode 3.2";
			developmentRegion = English;
			hasScannedForEncodings = 0;
			knownRegions = (
				en,
			);
			mainGroup = 8ADC1F9519ED5EBB00AC2D81;
			productRefGroup = 8ADC1F9F19ED5EBB00AC2D81 /* Products */;
			projectDirPath = "";
			projectRoot = "";
			targets = (
				8ADC1F9D19ED5EBB00AC2D81 /* StaticLog */,
				8ADC1FA819ED5EBB00AC2D81 /* StaticLogTests */,
			);
		};
/* End PBXProject section */

/* Begin PBXResourcesBuildPhase section */
		8ADC1FA719ED5EBB00AC2D81 /* Resources */ = {
			isa = PBXResourcesBuildPhase;
			buildActionMask = 2147483647;
			files = (
			);
			runOnlyForDeploymentPostprocessing = 0;
		};
/* End PBXResourcesBuildPhase section */

/* Begin PBXSourcesBuildPhase section */
		8ADC1F9A19ED5EBB00AC2D81 /* Sources */ = {
			isa = PBXSourcesBuildPhase;
			buildActionMask = 2147483647;
			files = (
				8ADC1FA419ED5EBB00AC2D81 /* StaticLog.m in Sources */,
			);
			runOnlyForDeploymentPostprocessing = 0;
		};
		8ADC1FA519ED5EBB00AC2D81 /* Sources */ = {
			isa = PBXSourcesBuildPhase;
			buildActionMask = 2147483647;
			files = (
			);
			runOnlyForDeploymentPostprocessing = 0;
		};
/* End PBXSourcesBuildPhase section */

/* Begin XCBuildConfiguration section */
		8ADC1FAD19ED5EBB00AC2D81 /* Debug */ = {
			isa = XCBuildConfiguration;
			buildSettings = {
				ALWAYS_SEARCH_USER_PATHS = NO;
				CLANG_CXX_LANGUAGE_STANDARD = "gnu++0x";
				CLANG_CXX_LIBRARY = "libc++";
				CLANG_ENABLE_MODULES = YES;
				CLANG_ENABLE_OBJC_ARC = YES;
				CLANG_WARN_BOOL_CONVERSION = YES;
				CLANG_WARN_CONSTANT_CONVERSION = YES;
				CLANG_WARN_DIRECT_OBJC_ISA_USAGE = YES_ERROR;
				CLANG_WARN_EMPTY_BODY = YES;
				CLANG_WARN_ENUM_CONVERSION = YES;
				CLANG_WARN_INT_CONVERSION = YES;
				CLANG_WARN_OBJC_ROOT_CLASS = YES_ERROR;
				CLANG_WARN_UNREACHABLE_CODE = YES;
				CLANG_WARN__DUPLICATE_METHOD_MATCH = YES;
				COPY_PHASE_STRIP = NO;
				ENABLE_STRICT_OBJC_MSGSEND = YES;
				GCC_C_LANGUAGE_STANDARD = gnu99;
				GCC_DYNAMIC_NO_PIC = NO;
				GCC_OPTIMIZATION_LEVEL = 0;
				GCC_PREPROCESSOR_DEFINITIONS = (
					"DEBUG=1",
					"$(inherited)",
				);
				GCC_SYMBOLS_PRIVATE_EXTERN = NO;
				GCC_WARN_64_TO_32_BIT_CONVERSION = YES;
				GCC_WARN_ABOUT_RETURN_TYPE = YES_ERROR;
				GCC_WARN_UNDECLARED_SELECTOR = YES;
				GCC_WARN_UNINITIALIZED_AUTOS = YES_AGGRESSIVE;
				GCC_WARN_UNUSED_FUNCTION = YES;
				GCC_WARN_UNUSED_VARIABLE = YES;
				IPHONEOS_DEPLOYMENT_TARGET = 8.0;
				MTL_ENABLE_DEBUG_INFO = YES;
				ONLY_ACTIVE_ARCH = YES;
				SDKROOT = iphoneos;
			};
			name = Debug;
		};
		8ADC1FAE19ED5EBB00AC2D81 /* Release */ = {
			isa = XCBuildConfiguration;
			buildSettings = {
				ALWAYS_SEARCH_USER_PATHS = NO;
				CLANG_CXX_LANGUAGE_STANDARD = "gnu++0x";
				CLANG_CXX_LIBRARY = "libc++";
				CLANG_ENABLE_MODULES = YES;
				CLANG_ENABLE_OBJC_ARC = YES;
				CLANG_WARN_BOOL_CONVERSION = YES;
				CLANG_WARN_CONSTANT_CONVERSION = YES;
				CLANG_WARN_DIRECT_OBJC_ISA_USAGE = YES_ERROR;
				CLANG_WARN_EMPTY_BODY = YES;
				CLANG_WARN_ENUM_CONVERSION = YES;
				CLANG_WARN_INT_CONVERSION = YES;
				CLANG_WARN_OBJC_ROOT_CLASS = YES_ERROR;
				CLANG_WARN_UNREACHABLE_CODE = YES;
				CLANG_WARN__DUPLICATE_METHOD_MATCH = YES;
				COPY_PHASE_STRIP = YES;
				ENABLE_NS_ASSERTIONS = NO;
				ENABLE_STRICT_OBJC_MSGSEND = YES;
				GCC_C_LANGUAGE_STANDARD = gnu99;
				GCC_WARN_64_TO_32_BIT_CONVERSION = YES;
				GCC_WARN_ABOUT_RETURN_TYPE = YES_ERROR;
				GCC_WARN_UNDECLARED_SELECTOR = YES;
				GCC_WARN_UNINITIALIZED_AUTOS = YES_AGGRESSIVE;
				GCC_WARN_UNUSED_FUNCTION = YES;
				GCC_WARN_UNUSED_VARIABLE = YES;
				IPHONEOS_DEPLOYMENT_TARGET = 8.0;
				MTL_ENABLE_DEBUG_INFO = NO;
				SDKROOT = iphoneos;
				VALIDATE_PRODUCT = YES;
			};
			name = Release;
		};
		8ADC1FB019ED5EBB00AC2D81 /* Debug */ = {
			isa = XCBuildConfiguration;
			buildSettings = {
				OTHER_LDFLAGS = "-ObjC";
				PRODUCT_NAME = "$(TARGET_NAME)";
				SKIP_INSTALL = YES;
			};
			name = Debug;
		};
		8ADC1FB119ED5EBB00AC2D81 /* Release */ = {
			isa = XCBuildConfiguration;
			buildSettings = {
				OTHER_LDFLAGS = "-ObjC";
				PRODUCT_NAME = "$(TARGET_NAME)";
				SKIP_INSTALL = YES;
			};
			name = Release;
		};
		8ADC1FB319ED5EBB00AC2D81 /* Debug */ = {
			isa = XCBuildConfiguration;
			buildSettings = {
				FRAMEWORK_SEARCH_PATHS = (
					"$(SDKROOT)/Developer/Library/Frameworks",
					"$(inherited)",
				);
				GCC_PREPROCESSOR_DEFINITIONS = (
					"DEBUG=1",
					"$(inherited)",
				);
				INFOPLIST_FILE = StaticLogTests/Info.plist;
				LD_RUNPATH_SEARCH_PATHS = "$(inherited) @executable_path/Frameworks @loader_path/Frameworks";
				PRODUCT_NAME = "$(TARGET_NAME)";
			};
			name = Debug;
		};
		8ADC1FB419ED5EBB00AC2D81 /* Release */ = {
			isa = XCBuildConfiguration;
			buildSettings = {
				FRAMEWORK_SEARCH_PATHS = (
					"$(SDKROOT)/Developer/Library/Frameworks",
					"$(inherited)",
				);
				INFOPLIST_FILE = StaticLogTests/Info.plist;
				LD_RUNPATH_SEARCH_PATHS = "$(inherited) @executable_path/Frameworks @loader_path/Frameworks";
				PRODUCT_NAME = "$(TARGET_NAME)";
			};
			name = Release;
		};
/* End XCBuildConfiguration section */

/* Begin XCConfigurationList section */
		8ADC1F9919ED5EBB00AC2D81 /* Build configuration list for PBXProject "StaticLog" */ = {
			isa = XCConfigurationList;
			buildConfigurations = (
				8ADC1FAD19ED5EBB00AC2D81 /* Debug */,
				8ADC1FAE19ED5EBB00AC2D81 /* Release */,
			);
			defaultConfigurationIsVisible = 0;
			defaultConfigurationName = Release;
		};
		8ADC1FAF19ED5EBB00AC2D81 /* Build configuration list for PBXNativeTarget "StaticLog" */ = {
			isa = XCConfigurationList;
			buildConfigurations = (
				8ADC1FB019ED5EBB00AC2D81 /* Debug */,
				8ADC1FB119ED5EBB00AC2D81 /* Release */,
			);
			defaultConfigurationIsVisible = 0;
		};
		8ADC1FB219ED5EBB00AC2D81 /* Build configuration list for PBXNativeTarget "StaticLogTests" */ = {
			isa = XCConfigurationList;
			buildConfigurations = (
				8ADC1FB319ED5EBB00AC2D81 /* Debug */,
				8ADC1FB419ED5EBB00AC2D81 /* Release */,
			);
			defaultConfigurationIsVisible = 0;
		};
/* End XCConfigurationList section */
	};
	rootObject = 8ADC1F9619ED5EBB00AC2D81 /* Project object */;
}
